
Microsoft Visual Studio Solution File, Format Version 12.00
# Visual Studio Version 17
VisualStudioVersion = 17.5.33502.453
MinimumVisualStudioVersion = 10.0.40219.1
Project("{9A19103F-16F7-4668-BE54-9A1E7A4F7556}") = "Login", "Login\Login.csproj", "{0A236D3D-8667-4F8E-968A-2E6EC29E0C64}"
EndProject
Global
	GlobalSection(SolutionConfigurationPlatforms) = preSolution
		Debug|Any CPU = Debug|Any CPU
		Release|Any CPU = Release|Any CPU
	EndGlobalSection
	GlobalSection(ProjectConfigurationPlatforms) = postSolution
		{0A236D3D-8667-4F8E-968A-2E6EC29E0C64}.Debug|Any CPU.ActiveCfg = Debug|Any CPU
		{0A236D3D-8667-4F8E-968A-2E6EC29E0C64}.Debug|Any CPU.Build.0 = Debug|Any CPU
		{0A236D3D-8667-4F8E-968A-2E6EC29E0C64}.Release|Any CPU.ActiveCfg = Release|Any CPU
		{0A236D3D-8667-4F8E-968A-2E6EC29E0C64}.Release|Any CPU.Build.0 = Release|Any CPU
	EndGlobalSection
	GlobalSection(SolutionProperties) = preSolution
		HideSolutionNode = FALSE
	EndGlobalSection
	GlobalSection(ExtensibilityGlobals) = postSolution
		SolutionGuid = {8A52F7CB-90C2-414E-9216-A42CB380F301}
	EndGlobalSection
EndGlobal
